{
  "name": "nectarine-database-course-lab",
  "lockfileVersion": 3,
  "requires": true,
  "packages": {
    "": {
      "name": "nectarine-database-course-lab",
      "dependencies": {
        "@citrusworx/nectarine": "file:../../../../libraries/nectarine",
        "@citrusworx/seltzer": "file:../../../../libraries/seltzer",
        "@electric-sql/pglite": "0.5.8"
      }
    },
    "../../../../libraries/nectarine": {
      "name": "@citrusworx/nectarine",
      "version": "0.3.0",
      "license": "MIT",
      "dependencies": {
        "js-yaml": "^4.1.1"
      },
      "devDependencies": {
        "@types/express": "^5.0.6",
        "@types/js-yaml": "^4.0.9",
        "@types/node": "^25.6.2",
        "@types/pg": "^8.18.0",
        "eslint": "^10.0.3",
        "express": "^5.2.1",
        "jest": "^30.3.0",
        "mongodb": "^7.1.0",
        "mysql2": "^3.24.4",
        "pg": "^8.20.0",
        "ts-node": "^10.9.2",
        "tsx": "^4.23.13",
        "typescript": "^5.9.3",
        "vitest": "^4.1.4",
        "zod": "^4.3.6"
      },
      "engines": {
        "node": ">=18"
      },
      "peerDependencies": {
        "mongodb": "^7.0.0",
        "mysql2": "^3.0.0",
        "pg": "^8.0.0"
      },
      "peerDependenciesMeta": {
        "mongodb": {
          "optional": true
        },
        "mysql2": {
          "optional": true
        },
        "pg": {
          "optional": true
        }
      }
    },
    "../../../../libraries/seltzer": {
      "name": "@citrusworx/seltzer",
      "version": "0.8.1",
      "devDependencies": {
        "@types/node": "^25.6.0",
        "ts-node": "^10.9.1",
        "typescript": "^6.0.2",
        "vitest": "^4.1.4"
      },
      "engines": {
        "node": ">=18"
      },
      "peerDependencies": {
        "undici": ">=5"
      },
      "peerDependenciesMeta": {
        "undici": {
          "optional": true
        }
      }
    },
    "node_modules/@citrusworx/nectarine": {
      "resolved": "../../../../libraries/nectarine",
      "link": true
    },
    "node_modules/@citrusworx/seltzer": {
      "resolved": "../../../../libraries/seltzer",
      "link": true
    },
    "node_modules/@electric-sql/pglite": {
      "version": "0.5.8",
      "resolved": "https://registry.npmjs.org/@electric-sql/pglite/-/pglite-0.5.8.tgz",
      "integrity": "sha512-n9tsbUOhwx2epK1V0ZG9Ar4SHWUju04dhmzZXiSBXwBoleOvIfals33NAaWgagQVAL4Rbvx/Ptsu3P+pA09f6Q==",
      "license": "Apache-2.0"
    }
  }
}
